{
  "R": {
    "Version": "4.5.1",
    "Repositories": [
      {
        "Name": "CRAN",
        "URL": "http://cran.rstudio.com"
      }
    ]
  },
  "Packages": {
    "Rcpp": {
      "Package": "Rcpp",
      "Version": "1.0.14",
      "Source": "Repository",
      "Title": "Seamless R and C++ Integration",
      "Date": "2025-01-11",
      "Authors@R": "c(person(\"Dirk\", \"Eddelbuettel\", role = c(\"aut\", \"cre\"), email = \"edd@debian.org\", comment = c(ORCID = \"0000-0001-6419-907X\")), person(\"Romain\", \"Francois\", role = \"aut\", comment = c(ORCID = \"0000-0002-2444-4226\")), person(\"JJ\", \"Allaire\", role = \"aut\", comment = c(ORCID = \"0000-0003-0174-9868\")), person(\"Kevin\", \"Ushey\", role = \"aut\", comment = c(ORCID = \"0000-0003-2880-7407\")), person(\"Qiang\", \"Kou\", role = \"aut\", comment = c(ORCID = \"0000-0001-6786-5453\")), person(\"Nathan\", \"Russell\", role = \"aut\"), person(\"Iñaki\", \"Ucar\", role = \"aut\", comment = c(ORCID = \"0000-0001-6403-5550\")), person(\"Doug\", \"Bates\", role = \"aut\", comment = c(ORCID = \"0000-0001-8316-9503\")), person(\"John\", \"Chambers\", role = \"aut\"))",
      "Description": "The 'Rcpp' package provides R functions as well as C++ classes which offer a seamless integration of R and C++. Many R data types and objects can be mapped back and forth to C++ equivalents which facilitates both writing of new code as well as easier integration of third-party libraries. Documentation about 'Rcpp' is provided by several vignettes included in this package, via the 'Rcpp Gallery' site at <https://gallery.rcpp.org>, the paper by Eddelbuettel and Francois (2011, <doi:10.18637/jss.v040.i08>), the book by Eddelbuettel (2013, <doi:10.1007/978-1-4614-6868-4>) and the paper by Eddelbuettel and Balamuta (2018, <doi:10.1080/00031305.2017.1375990>); see 'citation(\"Rcpp\")' for details.",
      "Imports": [
        "methods",
        "utils"
      ],
      "Suggests": [
        "tinytest",
        "inline",
        "rbenchmark",
        "pkgKitten (>= 0.1.2)"
      ],
      "URL": "https://www.rcpp.org, https://dirk.eddelbuettel.com/code/rcpp.html, https://github.com/RcppCore/Rcpp",
      "License": "GPL (>= 2)",
      "BugReports": "https://github.com/RcppCore/Rcpp/issues",
      "MailingList": "rcpp-devel@lists.r-forge.r-project.org",
      "RoxygenNote": "6.1.1",
      "Encoding": "UTF-8",
      "NeedsCompilation": "yes",
      "Author": "Dirk Eddelbuettel [aut, cre] (<https://orcid.org/0000-0001-6419-907X>), Romain Francois [aut] (<https://orcid.org/0000-0002-2444-4226>), JJ Allaire [aut] (<https://orcid.org/0000-0003-0174-9868>), Kevin Ushey [aut] (<https://orcid.org/0000-0003-2880-7407>), Qiang Kou [aut] (<https://orcid.org/0000-0001-6786-5453>), Nathan Russell [aut], Iñaki Ucar [aut] (<https://orcid.org/0000-0001-6403-5550>), Doug Bates [aut] (<https://orcid.org/0000-0001-8316-9503>), John Chambers [aut]",
      "Maintainer": "Dirk Eddelbuettel <edd@debian.org>",
      "Repository": "CRAN"
    },
    "collapse": {
      "Package": "collapse",
      "Version": "2.1.2",
      "Source": "Repository",
      "Title": "Advanced and Fast Data Transformation",
      "Date": "2025-05-24",
      "Authors@R": "c( person(\"Sebastian\", \"Krantz\", role = c(\"aut\", \"cre\"),  email = \"sebastian.krantz@graduateinstitute.ch\",  comment = c(ORCID = \"0000-0001-6212-5229\")), person(\"Matt\", \"Dowle\", role = \"ctb\"), person(\"Arun\", \"Srinivasan\", role = \"ctb\"), person(\"Morgan\", \"Jacob\", role = \"ctb\"), person(\"Dirk\", \"Eddelbuettel\", role = \"ctb\"), person(\"Laurent\", \"Berge\", role = \"ctb\"), person(\"Kevin\", \"Tappe\", role = \"ctb\"), person(\"Alina\", \"Cherkas\", role = \"ctb\"), person(\"R Core Team and contributors worldwide\", role = \"ctb\"), person(\"Martyn\", \"Plummer\", role = \"cph\"), person(\"1999-2016 The R Core Team\", role = \"cph\") )",
      "Description": "A large C/C++-based package for advanced data transformation and  statistical computing in R that is extremely fast, class-agnostic, robust, and  programmer friendly. Core functionality includes a rich set of S3 generic grouped  and weighted statistical functions for vectors, matrices and data frames, which  provide efficient low-level vectorizations, OpenMP multithreading, and skip missing  values by default. These are integrated with fast grouping and ordering algorithms  (also callable from C), and efficient data manipulation functions. The package also  provides a flexible and rigorous approach to time series and panel data in R, fast  functions for data transformation and common statistical procedures, detailed  (grouped, weighted) summary statistics, powerful tools to work with nested data,  fast data object conversions, functions for memory efficient R programming, and  helpers to effectively deal with variable labels, attributes, and missing data. It  seamlessly supports base R objects/classes as well as 'units', 'integer64', 'xts'/ 'zoo', 'tibble', 'grouped_df', 'data.table', 'sf', and 'pseries'/'pdata.frame'.",
      "URL": "https://sebkrantz.github.io/collapse/, https://github.com/SebKrantz/collapse",
      "BugReports": "https://github.com/SebKrantz/collapse/issues",
      "License": "GPL (>= 2) | file LICENSE",
      "Encoding": "UTF-8",
      "LazyData": "true",
      "Depends": [
        "R (>= 4.1.0)"
      ],
      "Imports": [
        "Rcpp (>= 1.0.1)"
      ],
      "LinkingTo": [
        "Rcpp"
      ],
      "Suggests": [
        "fastverse",
        "data.table",
        "magrittr",
        "kit",
        "xts",
        "zoo",
        "plm",
        "fixest",
        "vars",
        "RcppArmadillo",
        "RcppEigen",
        "tibble",
        "dplyr",
        "ggplot2",
        "scales",
        "microbenchmark",
        "testthat",
        "covr",
        "knitr",
        "rmarkdown",
        "withr",
        "bit64"
      ],
      "VignetteBuilder": "knitr",
      "NeedsCompilation": "yes",
      "Author": "Sebastian Krantz [aut, cre] (ORCID: <https://orcid.org/0000-0001-6212-5229>), Matt Dowle [ctb], Arun Srinivasan [ctb], Morgan Jacob [ctb], Dirk Eddelbuettel [ctb], Laurent Berge [ctb], Kevin Tappe [ctb], Alina Cherkas [ctb], R Core Team and contributors worldwide [ctb], Martyn Plummer [cph], 1999-2016 The R Core Team [cph]",
      "Maintainer": "Sebastian Krantz <sebastian.krantz@graduateinstitute.ch>",
      "Repository": "CRAN"
    },
    "fastmatch": {
      "Package": "fastmatch",
      "Version": "1.1-6",
      "Source": "Repository",
      "Title": "Fast 'match()' Function",
      "Author": "Simon Urbanek [aut, cre, cph] (https://urbanek.org, <https://orcid.org/0000-0003-2297-1732>)",
      "Authors@R": "person(\"Simon\", \"Urbanek\", role=c(\"aut\",\"cre\",\"cph\"), email=\"Simon.Urbanek@r-project.org\", comment=c(\"https://urbanek.org\", ORCID=\"0000-0003-2297-1732\"))",
      "Maintainer": "Simon Urbanek <simon.urbanek@r-project.org>",
      "Description": "Package providing a fast match() replacement for cases that require repeated look-ups. It is slightly faster that R's built-in match() function on first match against a table, but extremely fast on any subsequent lookup as it keeps the hash table in memory.",
      "License": "GPL-2",
      "Depends": [
        "R (>= 2.3.0)"
      ],
      "URL": "http://www.rforge.net/fastmatch",
      "NeedsCompilation": "yes",
      "Repository": "CRAN"
    },
    "renv": {
      "Package": "renv",
      "Version": "1.1.5",
      "Source": "Repository",
      "Type": "Package",
      "Title": "Project Environments",
      "Authors@R": "c( person(\"Kevin\", \"Ushey\", role = c(\"aut\", \"cre\"), email = \"kevin@rstudio.com\", comment = c(ORCID = \"0000-0003-2880-7407\")), person(\"Hadley\", \"Wickham\", role = c(\"aut\"), email = \"hadley@rstudio.com\", comment = c(ORCID = \"0000-0003-4757-117X\")), person(\"Posit Software, PBC\", role = c(\"cph\", \"fnd\")) )",
      "Description": "A dependency management toolkit for R. Using 'renv', you can create and manage project-local R libraries, save the state of these libraries to a 'lockfile', and later restore your library as required. Together, these tools can help make your projects more isolated, portable, and reproducible.",
      "License": "MIT + file LICENSE",
      "URL": "https://rstudio.github.io/renv/, https://github.com/rstudio/renv",
      "BugReports": "https://github.com/rstudio/renv/issues",
      "Imports": [
        "utils"
      ],
      "Suggests": [
        "BiocManager",
        "cli",
        "compiler",
        "covr",
        "cpp11",
        "devtools",
        "generics",
        "gitcreds",
        "jsonlite",
        "jsonvalidate",
        "knitr",
        "miniUI",
        "modules",
        "packrat",
        "pak",
        "R6",
        "remotes",
        "reticulate",
        "rmarkdown",
        "rstudioapi",
        "shiny",
        "testthat",
        "uuid",
        "waldo",
        "yaml",
        "webfakes"
      ],
      "Encoding": "UTF-8",
      "RoxygenNote": "7.3.2",
      "VignetteBuilder": "knitr",
      "Config/Needs/website": "tidyverse/tidytemplate",
      "Config/testthat/edition": "3",
      "Config/testthat/parallel": "true",
      "Config/testthat/start-first": "bioconductor,python,install,restore,snapshot,retrieve,remotes",
      "NeedsCompilation": "no",
      "Author": "Kevin Ushey [aut, cre] (ORCID: <https://orcid.org/0000-0003-2880-7407>), Hadley Wickham [aut] (ORCID: <https://orcid.org/0000-0003-4757-117X>), Posit Software, PBC [cph, fnd]",
      "Maintainer": "Kevin Ushey <kevin@rstudio.com>",
      "Repository": "CRAN"
    }
  }
}
